// !$*UTF8*$!
{
	archiveVersion = 1;
	classes = {
	};
	objectVersion = 46;
	objects = {

/* Begin PBXBuildFile section */
		5D37BAC014009B10002E9D0D /* LocalyticsDatabase.m in Sources */ = {isa = PBXBuildFile; fileRef = 5D37BABA14009B10002E9D0D /* LocalyticsDatabase.m */; };
		5D37BAC114009B10002E9D0D /* LocalyticsSession.m in Sources */ = {isa = PBXBuildFile; fileRef = 5D37BABC14009B10002E9D0D /* LocalyticsSession.m */; };
		5D37BAC214009B10002E9D0D /* UploaderThread.m in Sources */ = {isa = PBXBuildFile; fileRef = 5D37BABE14009B10002E9D0D /* UploaderThread.m */; };
		5D37BAC51400A0C5002E9D0D /* libz.dylib in Frameworks */ = {isa = PBXBuildFile; fileRef = 5D37BAC41400A0C5002E9D0D /* libz.dylib */; };
		5D37BAC71400A0E1002E9D0D /* libsqlite3.dylib in Frameworks */ = {isa = PBXBuildFile; fileRef = 5D37BAC61400A0E1002E9D0D /* libsqlite3.dylib */; };
		5D37BAED1401E244002E9D0D /* ELCAlbumPickerController.m in Sources */ = {isa = PBXBuildFile; fileRef = 5D37BADE1401E244002E9D0D /* ELCAlbumPickerController.m */; };
		5D37BAEE1401E245002E9D0D /* ELCAlbumPickerController.xib in Resources */ = {isa = PBXBuildFile; fileRef = 5D37BADF1401E244002E9D0D /* ELCAlbumPickerController.xib */; };
		5D37BAEF1401E245002E9D0D /* ELCAsset.m in Sources */ = {isa = PBXBuildFile; fileRef = 5D37BAE11401E244002E9D0D /* ELCAsset.m */; };
		5D37BAF01401E245002E9D0D /* ELCAssetCell.m in Sources */ = {isa = PBXBuildFile; fileRef = 5D37BAE31401E244002E9D0D /* ELCAssetCell.m */; };
		5D37BAF11401E245002E9D0D /* ELCAssetPicker.xib in Resources */ = {isa = PBXBuildFile; fileRef = 5D37BAE41401E244002E9D0D /* ELCAssetPicker.xib */; };
		5D37BAF21401E245002E9D0D /* ELCAssetTablePicker.m in Sources */ = {isa = PBXBuildFile; fileRef = 5D37BAE61401E244002E9D0D /* ELCAssetTablePicker.m */; };
		5D37BAF31401E245002E9D0D /* ELCAssetTablePicker.xib in Resources */ = {isa = PBXBuildFile; fileRef = 5D37BAE71401E244002E9D0D /* ELCAssetTablePicker.xib */; };
		5D37BAF41401E245002E9D0D /* ELCImagePickerController.m in Sources */ = {isa = PBXBuildFile; fileRef = 5D37BAE91401E244002E9D0D /* ELCImagePickerController.m */; };
		5D37BAF51401E245002E9D0D /* ELCImagePickerController.xib in Resources */ = {isa = PBXBuildFile; fileRef = 5D37BAEA1401E244002E9D0D /* ELCImagePickerController.xib */; };
		5D37BAF61401E245002E9D0D /* Overlay.png in Resources */ = {isa = PBXBuildFile; fileRef = 5D37BAEB1401E244002E9D0D /* Overlay.png */; };
		5D37BAF71401E245002E9D0D /* Overlay@2x.png in Resources */ = {isa = PBXBuildFile; fileRef = 5D37BAEC1401E244002E9D0D /* Overlay@2x.png */; };
		5D37BAFA1405C5DA002E9D0D /* AssetsLibrary.framework in Frameworks */ = {isa = PBXBuildFile; fileRef = 5D37BAF91405C5DA002E9D0D /* AssetsLibrary.framework */; };
		5D37BAFD1405D698002E9D0D /* MGOSimpleRoundedButton.m in Sources */ = {isa = PBXBuildFile; fileRef = 5D37BAFC1405D698002E9D0D /* MGOSimpleRoundedButton.m */; };
		5D67D7F413E0DDE000F796A9 /* AudioToolbox.framework in Frameworks */ = {isa = PBXBuildFile; fileRef = 5D67D7F313E0DDE000F796A9 /* AudioToolbox.framework */; };
		5D67D7F913E1DDED00F796A9 /* GiggleAudioController.m in Sources */ = {isa = PBXBuildFile; fileRef = 5D67D7F813E1DDED00F796A9 /* GiggleAudioController.m */; };
		5D67D7FE13E2326000F796A9 /* BabyGiggles3.aif in Resources */ = {isa = PBXBuildFile; fileRef = 5D67D7FA13E2326000F796A9 /* BabyGiggles3.aif */; };
		5D67D7FF13E2326000F796A9 /* BabyGiggles4.aif in Resources */ = {isa = PBXBuildFile; fileRef = 5D67D7FB13E2326000F796A9 /* BabyGiggles4.aif */; };
		5D67D80013E2326000F796A9 /* BabyGiggles5.aif in Resources */ = {isa = PBXBuildFile; fileRef = 5D67D7FC13E2326000F796A9 /* BabyGiggles5.aif */; };
		5D67D80113E2326000F796A9 /* BabyGiggles6.aif in Resources */ = {isa = PBXBuildFile; fileRef = 5D67D7FD13E2326000F796A9 /* BabyGiggles6.aif */; };
		5D67D80413E2349500F796A9 /* BabyGiggles1.aif in Resources */ = {isa = PBXBuildFile; fileRef = 5D67D80213E2349500F796A9 /* BabyGiggles1.aif */; };
		5D67D80513E2349500F796A9 /* BabyGiggles2.aif in Resources */ = {isa = PBXBuildFile; fileRef = 5D67D80313E2349500F796A9 /* BabyGiggles2.aif */; };
		5D67D81B13E3103600F796A9 /* BabyGigglesIcon57x57.png in Resources */ = {isa = PBXBuildFile; fileRef = 5D67D81A13E3103600F796A9 /* BabyGigglesIcon57x57.png */; };
		5D67D81D13E41ECB00F796A9 /* BabyGigglesIcon114x114.png in Resources */ = {isa = PBXBuildFile; fileRef = 5D67D81C13E41ECB00F796A9 /* BabyGigglesIcon114x114.png */; };
		5D67D81F13E42DED00F796A9 /* Default.png in Resources */ = {isa = PBXBuildFile; fileRef = 5D67D81E13E42DED00F796A9 /* Default.png */; };
		5D67D82113E42DF400F796A9 /* Default@2x.png in Resources */ = {isa = PBXBuildFile; fileRef = 5D67D82013E42DF400F796A9 /* Default@2x.png */; };
		5D67D82513E4D87400F796A9 /* BabyGigglesMainController.m in Sources */ = {isa = PBXBuildFile; fileRef = 5D67D82313E4D87400F796A9 /* BabyGigglesMainController.m */; };
		5D67D82613E4D87400F796A9 /* BabyGigglesMainController.xib in Resources */ = {isa = PBXBuildFile; fileRef = 5D67D82413E4D87400F796A9 /* BabyGigglesMainController.xib */; };
		5D9FFBF213DDAC6F00AFEC82 /* UIKit.framework in Frameworks */ = {isa = PBXBuildFile; fileRef = 5D9FFBF113DDAC6F00AFEC82 /* UIKit.framework */; };
		5D9FFBF413DDAC6F00AFEC82 /* Foundation.framework in Frameworks */ = {isa = PBXBuildFile; fileRef = 5D9FFBF313DDAC6F00AFEC82 /* Foundation.framework */; };
		5D9FFBF613DDAC6F00AFEC82 /* CoreGraphics.framework in Frameworks */ = {isa = PBXBuildFile; fileRef = 5D9FFBF513DDAC6F00AFEC82 /* CoreGraphics.framework */; };
		5D9FFBFC13DDAC6F00AFEC82 /* InfoPlist.strings in Resources */ = {isa = PBXBuildFile; fileRef = 5D9FFBFA13DDAC6F00AFEC82 /* InfoPlist.strings */; };
		5D9FFBFF13DDAC6F00AFEC82 /* main.m in Sources */ = {isa = PBXBuildFile; fileRef = 5D9FFBFE13DDAC6F00AFEC82 /* main.m */; };
		5D9FFC0213DDAC6F00AFEC82 /* BabyGigglesAppDelegate.m in Sources */ = {isa = PBXBuildFile; fileRef = 5D9FFC0113DDAC6F00AFEC82 /* BabyGigglesAppDelegate.m */; };
		5D9FFC0513DDAC6F00AFEC82 /* MainWindow.xib in Resources */ = {isa = PBXBuildFile; fileRef = 5D9FFC0313DDAC6F00AFEC82 /* MainWindow.xib */; };
		5D9FFC0C13DDAC6F00AFEC82 /* UIKit.framework in Frameworks */ = {isa = PBXBuildFile; fileRef = 5D9FFBF113DDAC6F00AFEC82 /* UIKit.framework */; };
		5D9FFC0D13DDAC6F00AFEC82 /* Foundation.framework in Frameworks */ = {isa = PBXBuildFile; fileRef = 5D9FFBF313DDAC6F00AFEC82 /* Foundation.framework */; };
		5D9FFC0E13DDAC6F00AFEC82 /* CoreGraphics.framework in Frameworks */ = {isa = PBXBuildFile; fileRef = 5D9FFBF513DDAC6F00AFEC82 /* CoreGraphics.framework */; };
		5D9FFC1613DDAC6F00AFEC82 /* InfoPlist.strings in Resources */ = {isa = PBXBuildFile; fileRef = 5D9FFC1413DDAC6F00AFEC82 /* InfoPlist.strings */; };
		5D9FFC1913DDAC6F00AFEC82 /* BabyGigglesTests.h in Resources */ = {isa = PBXBuildFile; fileRef = 5D9FFC1813DDAC6F00AFEC82 /* BabyGigglesTests.h */; };
		5D9FFC1B13DDAC7000AFEC82 /* BabyGigglesTests.m in Sources */ = {isa = PBXBuildFile; fileRef = 5D9FFC1A13DDAC7000AFEC82 /* BabyGigglesTests.m */; };
		5D9FFC2613DDAE4A00AFEC82 /* MGOKenBurnsController.m in Sources */ = {isa = PBXBuildFile; fileRef = 5D9FFC2513DDAE4A00AFEC82 /* MGOKenBurnsController.m */; };
		5D9FFC3113DDB0B500AFEC82 /* BabyGiggles1.png in Resources */ = {isa = PBXBuildFile; fileRef = 5D9FFC2713DDB0B500AFEC82 /* BabyGiggles1.png */; };
		5D9FFC3213DDB0B500AFEC82 /* BabyGiggles2.png in Resources */ = {isa = PBXBuildFile; fileRef = 5D9FFC2813DDB0B500AFEC82 /* BabyGiggles2.png */; };
		5D9FFC3313DDB0B500AFEC82 /* BabyGiggles3.png in Resources */ = {isa = PBXBuildFile; fileRef = 5D9FFC2913DDB0B500AFEC82 /* BabyGiggles3.png */; };
		5D9FFC3413DDB0B500AFEC82 /* BabyGiggles4.png in Resources */ = {isa = PBXBuildFile; fileRef = 5D9FFC2A13DDB0B500AFEC82 /* BabyGiggles4.png */; };
		5D9FFC3513DDB0B500AFEC82 /* BabyGiggles5.png in Resources */ = {isa = PBXBuildFile; fileRef = 5D9FFC2B13DDB0B500AFEC82 /* BabyGiggles5.png */; };
		5D9FFC3613DDB0B500AFEC82 /* BabyGiggles6.png in Resources */ = {isa = PBXBuildFile; fileRef = 5D9FFC2C13DDB0B500AFEC82 /* BabyGiggles6.png */; };
		5D9FFC3713DDB0B500AFEC82 /* BabyGiggles7.png in Resources */ = {isa = PBXBuildFile; fileRef = 5D9FFC2D13DDB0B500AFEC82 /* BabyGiggles7.png */; };
		5D9FFC3813DDB0B500AFEC82 /* BabyGiggles8.png in Resources */ = {isa = PBXBuildFile; fileRef = 5D9FFC2E13DDB0B500AFEC82 /* BabyGiggles8.png */; };
		5D9FFC3913DDB0B500AFEC82 /* BabyGiggles9.png in Resources */ = {isa = PBXBuildFile; fileRef = 5D9FFC2F13DDB0B500AFEC82 /* BabyGiggles9.png */; };
		5D9FFC3A13DDB0B500AFEC82 /* BabyGiggles10.png in Resources */ = {isa = PBXBuildFile; fileRef = 5D9FFC3013DDB0B500AFEC82 /* BabyGiggles10.png */; };
		5D9FFC4013DDB51A00AFEC82 /* QuartzCore.framework in Frameworks */ = {isa = PBXBuildFile; fileRef = 5D9FFC3F13DDB51A00AFEC82 /* QuartzCore.framework */; };
/* End PBXBuildFile section */

/* Begin PBXContainerItemProxy section */
		5D9FFC0F13DDAC6F00AFEC82 /* PBXContainerItemProxy */ = {
			isa = PBXContainerItemProxy;
			containerPortal = 5D9FFBE413DDAC6F00AFEC82 /* Project object */;
			proxyType = 1;
			remoteGlobalIDString = 5D9FFBEC13DDAC6F00AFEC82;
			remoteInfo = BabyGiggles;
		};
/* End PBXContainerItemProxy section */

/* Begin PBXFileReference section */
		5D37BAB914009B10002E9D0D /* LocalyticsDatabase.h */ = {isa = PBXFileReference; fileEncoding = 4; lastKnownFileType = sourcecode.c.h; name = LocalyticsDatabase.h; path = src/LocalyticsDatabase.h; sourceTree = "<group>"; };
		5D37BABA14009B10002E9D0D /* LocalyticsDatabase.m */ = {isa = PBXFileReference; fileEncoding = 4; lastKnownFileType = sourcecode.c.objc; name = LocalyticsDatabase.m; path = src/LocalyticsDatabase.m; sourceTree = "<group>"; };
		5D37BABB14009B10002E9D0D /* LocalyticsSession.h */ = {isa = PBXFileReference; fileEncoding = 4; lastKnownFileType = sourcecode.c.h; name = LocalyticsSession.h; path = src/LocalyticsSession.h; sourceTree = "<group>"; };
		5D37BABC14009B10002E9D0D /* LocalyticsSession.m */ = {isa = PBXFileReference; fileEncoding = 4; lastKnownFileType = sourcecode.c.objc; name = LocalyticsSession.m; path = src/LocalyticsSession.m; sourceTree = "<group>"; };
		5D37BABD14009B10002E9D0D /* UploaderThread.h */ = {isa = PBXFileReference; fileEncoding = 4; lastKnownFileType = sourcecode.c.h; name = UploaderThread.h; path = src/UploaderThread.h; sourceTree = "<group>"; };
		5D37BABE14009B10002E9D0D /* UploaderThread.m */ = {isa = PBXFileReference; fileEncoding = 4; lastKnownFileType = sourcecode.c.objc; name = UploaderThread.m; path = src/UploaderThread.m; sourceTree = "<group>"; };
		5D37BABF14009B10002E9D0D /* WebserviceConstants.h */ = {isa = PBXFileReference; fileEncoding = 4; lastKnownFileType = sourcecode.c.h; name = WebserviceConstants.h; path = src/WebserviceConstants.h; sourceTree = "<group>"; };
		5D37BAC41400A0C5002E9D0D /* libz.dylib */ = {isa = PBXFileReference; lastKnownFileType = "compiled.mach-o.dylib"; name = libz.dylib; path = usr/lib/libz.dylib; sourceTree = SDKROOT; };
		5D37BAC61400A0E1002E9D0D /* libsqlite3.dylib */ = {isa = PBXFileReference; lastKnownFileType = "compiled.mach-o.dylib"; name = libsqlite3.dylib; path = usr/lib/libsqlite3.dylib; sourceTree = SDKROOT; };
		5D37BADD1401E244002E9D0D /* ELCAlbumPickerController.h */ = {isa = PBXFileReference; fileEncoding = 4; lastKnownFileType = sourcecode.c.h; name = ELCAlbumPickerController.h; path = "../../Downloads/elc-ELCImagePickerController-5e82f23/Classes/ELCAlbumPickerController.h"; sourceTree = "<group>"; };
		5D37BADE1401E244002E9D0D /* ELCAlbumPickerController.m */ = {isa = PBXFileReference; fileEncoding = 4; lastKnownFileType = sourcecode.c.objc; name = ELCAlbumPickerController.m; path = "../../Downloads/elc-ELCImagePickerController-5e82f23/Classes/ELCAlbumPickerController.m"; sourceTree = "<group>"; };
		5D37BADF1401E244002E9D0D /* ELCAlbumPickerController.xib */ = {isa = PBXFileReference; fileEncoding = 4; lastKnownFileType = file.xib; name = ELCAlbumPickerController.xib; path = "../../Downloads/elc-ELCImagePickerController-5e82f23/Classes/ELCAlbumPickerController.xib"; sourceTree = "<group>"; };
		5D37BAE01401E244002E9D0D /* ELCAsset.h */ = {isa = PBXFileReference; fileEncoding = 4; lastKnownFileType = sourcecode.c.h; name = ELCAsset.h; path = "../../Downloads/elc-ELCImagePickerController-5e82f23/Classes/ELCAsset.h"; sourceTree = "<group>"; };
		5D37BAE11401E244002E9D0D /* ELCAsset.m */ = {isa = PBXFileReference; fileEncoding = 4; lastKnownFileType = sourcecode.c.objc; name = ELCAsset.m; path = "../../Downloads/elc-ELCImagePickerController-5e82f23/Classes/ELCAsset.m"; sourceTree = "<group>"; };
		5D37BAE21401E244002E9D0D /* ELCAssetCell.h */ = {isa = PBXFileReference; fileEncoding = 4; lastKnownFileType = sourcecode.c.h; name = ELCAssetCell.h; path = "../../Downloads/elc-ELCImagePickerController-5e82f23/Classes/ELCAssetCell.h"; sourceTree = "<group>"; };
		5D37BAE31401E244002E9D0D /* ELCAssetCell.m */ = {isa = PBXFileReference; fileEncoding = 4; lastKnownFileType = sourcecode.c.objc; name = ELCAssetCell.m; path = "../../Downloads/elc-ELCImagePickerController-5e82f23/Classes/ELCAssetCell.m"; sourceTree = "<group>"; };
		5D37BAE41401E244002E9D0D /* ELCAssetPicker.xib */ = {isa = PBXFileReference; fileEncoding = 4; lastKnownFileType = file.xib; name = ELCAssetPicker.xib; path = "../../Downloads/elc-ELCImagePickerController-5e82f23/Classes/ELCAssetPicker.xib"; sourceTree = "<group>"; };
		5D37BAE51401E244002E9D0D /* ELCAssetTablePicker.h */ = {isa = PBXFileReference; fileEncoding = 4; lastKnownFileType = sourcecode.c.h; name = ELCAssetTablePicker.h; path = "../../Downloads/elc-ELCImagePickerController-5e82f23/Classes/ELCAssetTablePicker.h"; sourceTree = "<group>"; };
		5D37BAE61401E244002E9D0D /* ELCAssetTablePicker.m */ = {isa = PBXFileReference; fileEncoding = 4; lastKnownFileType = sourcecode.c.objc; name = ELCAssetTablePicker.m; path = "../../Downloads/elc-ELCImagePickerController-5e82f23/Classes/ELCAssetTablePicker.m"; sourceTree = "<group>"; };
		5D37BAE71401E244002E9D0D /* ELCAssetTablePicker.xib */ = {isa = PBXFileReference; fileEncoding = 4; lastKnownFileType = file.xib; name = ELCAssetTablePicker.xib; path = "../../Downloads/elc-ELCImagePickerController-5e82f23/Classes/ELCAssetTablePicker.xib"; sourceTree = "<group>"; };
		5D37BAE81401E244002E9D0D /* ELCImagePickerController.h */ = {isa = PBXFileReference; fileEncoding = 4; lastKnownFileType = sourcecode.c.h; name = ELCImagePickerController.h; path = "../../Downloads/elc-ELCImagePickerController-5e82f23/Classes/ELCImagePickerController.h"; sourceTree = "<group>"; };
		5D37BAE91401E244002E9D0D /* ELCImagePickerController.m */ = {isa = PBXFileReference; fileEncoding = 4; lastKnownFileType = sourcecode.c.objc; name = ELCImagePickerController.m; path = "../../Downloads/elc-ELCImagePickerController-5e82f23/Classes/ELCImagePickerController.m"; sourceTree = "<group>"; };
		5D37BAEA1401E244002E9D0D /* ELCImagePickerController.xib */ = {isa = PBXFileReference; fileEncoding = 4; lastKnownFileType = file.xib; name = ELCImagePickerController.xib; path = "../../Downloads/elc-ELCImagePickerController-5e82f23/Classes/ELCImagePickerController.xib"; sourceTree = "<group>"; };
		5D37BAEB1401E244002E9D0D /* Overlay.png */ = {isa = PBXFileReference; lastKnownFileType = image.png; name = Overlay.png; path = "../../Downloads/elc-ELCImagePickerController-5e82f23/Classes/Overlay.png"; sourceTree = "<group>"; };
		5D37BAEC1401E244002E9D0D /* Overlay@2x.png */ = {isa = PBXFileReference; lastKnownFileType = image.png; name = "Overlay@2x.png"; path = "../../Downloads/elc-ELCImagePickerController-5e82f23/Classes/Overlay@2x.png"; sourceTree = "<group>"; };
		5D37BAF91405C5DA002E9D0D /* AssetsLibrary.framework */ = {isa = PBXFileReference; lastKnownFileType = wrapper.framework; name = AssetsLibrary.framework; path = System/Library/Frameworks/AssetsLibrary.framework; sourceTree = SDKROOT; };
		5D37BAFB1405D698002E9D0D /* MGOSimpleRoundedButton.h */ = {isa = PBXFileReference; fileEncoding = 4; lastKnownFileType = sourcecode.c.h; path = MGOSimpleRoundedButton.h; sourceTree = "<group>"; };
		5D37BAFC1405D698002E9D0D /* MGOSimpleRoundedButton.m */ = {isa = PBXFileReference; fileEncoding = 4; lastKnownFileType = sourcecode.c.objc; path = MGOSimpleRoundedButton.m; sourceTree = "<group>"; };
		5D67D7F313E0DDE000F796A9 /* AudioToolbox.framework */ = {isa = PBXFileReference; lastKnownFileType = wrapper.framework; name = AudioToolbox.framework; path = System/Library/Frameworks/AudioToolbox.framework; sourceTree = SDKROOT; };
		5D67D7F713E1DDED00F796A9 /* GiggleAudioController.h */ = {isa = PBXFileReference; fileEncoding = 4; lastKnownFileType = sourcecode.c.h; path = GiggleAudioController.h; sourceTree = "<group>"; };
		5D67D7F813E1DDED00F796A9 /* GiggleAudioController.m */ = {isa = PBXFileReference; fileEncoding = 4; lastKnownFileType = sourcecode.c.objc; path = GiggleAudioController.m; sourceTree = "<group>"; };
		5D67D7FA13E2326000F796A9 /* BabyGiggles3.aif */ = {isa = PBXFileReference; lastKnownFileType = file; path = BabyGiggles3.aif; sourceTree = "<group>"; };
		5D67D7FB13E2326000F796A9 /* BabyGiggles4.aif */ = {isa = PBXFileReference; lastKnownFileType = file; path = BabyGiggles4.aif; sourceTree = "<group>"; };
		5D67D7FC13E2326000F796A9 /* BabyGiggles5.aif */ = {isa = PBXFileReference; lastKnownFileType = file; path = BabyGiggles5.aif; sourceTree = "<group>"; };
		5D67D7FD13E2326000F796A9 /* BabyGiggles6.aif */ = {isa = PBXFileReference; lastKnownFileType = file; path = BabyGiggles6.aif; sourceTree = "<group>"; };
		5D67D80213E2349500F796A9 /* BabyGiggles1.aif */ = {isa = PBXFileReference; lastKnownFileType = file; path = BabyGiggles1.aif; sourceTree = "<group>"; };
		5D67D80313E2349500F796A9 /* BabyGiggles2.aif */ = {isa = PBXFileReference; lastKnownFileType = file; path = BabyGiggles2.aif; sourceTree = "<group>"; };
		5D67D81A13E3103600F796A9 /* BabyGigglesIcon57x57.png */ = {isa = PBXFileReference; lastKnownFileType = image.png; path = BabyGigglesIcon57x57.png; sourceTree = "<group>"; };
		5D67D81C13E41ECB00F796A9 /* BabyGigglesIcon114x114.png */ = {isa = PBXFileReference; lastKnownFileType = image.png; path = BabyGigglesIcon114x114.png; sourceTree = "<group>"; };
		5D67D81E13E42DED00F796A9 /* Default.png */ = {isa = PBXFileReference; lastKnownFileType = image.png; path = Default.png; sourceTree = "<group>"; };
		5D67D82013E42DF400F796A9 /* Default@2x.png */ = {isa = PBXFileReference; lastKnownFileType = image.png; path = "Default@2x.png"; sourceTree = "<group>"; };
		5D67D82213E4D87400F796A9 /* BabyGigglesMainController.h */ = {isa = PBXFileReference; fileEncoding = 4; lastKnownFileType = sourcecode.c.h; path = BabyGigglesMainController.h; sourceTree = "<group>"; };
		5D67D82313E4D87400F796A9 /* BabyGigglesMainController.m */ = {isa = PBXFileReference; fileEncoding = 4; lastKnownFileType = sourcecode.c.objc; path = BabyGigglesMainController.m; sourceTree = "<group>"; };
		5D67D82413E4D87400F796A9 /* BabyGigglesMainController.xib */ = {isa = PBXFileReference; fileEncoding = 4; lastKnownFileType = file.xib; path = BabyGigglesMainController.xib; sourceTree = "<group>"; };
		5D7972A5145A28190059C957 /* ThirdPartyKeys.h */ = {isa = PBXFileReference; fileEncoding = 4; lastKnownFileType = sourcecode.c.h; path = ThirdPartyKeys.h; sourceTree = "<group>"; };
		5D9FFBED13DDAC6F00AFEC82 /* My Baby Giggles.app */ = {isa = PBXFileReference; explicitFileType = wrapper.application; includeInIndex = 0; path = "My Baby Giggles.app"; sourceTree = BUILT_PRODUCTS_DIR; };
		5D9FFBF113DDAC6F00AFEC82 /* UIKit.framework */ = {isa = PBXFileReference; lastKnownFileType = wrapper.framework; name = UIKit.framework; path = System/Library/Frameworks/UIKit.framework; sourceTree = SDKROOT; };
		5D9FFBF313DDAC6F00AFEC82 /* Foundation.framework */ = {isa = PBXFileReference; lastKnownFileType = wrapper.framework; name = Foundation.framework; path = System/Library/Frameworks/Foundation.framework; sourceTree = SDKROOT; };
		5D9FFBF513DDAC6F00AFEC82 /* CoreGraphics.framework */ = {isa = PBXFileReference; lastKnownFileType = wrapper.framework; name = CoreGraphics.framework; path = System/Library/Frameworks/CoreGraphics.framework; sourceTree = SDKROOT; };
		5D9FFBF913DDAC6F00AFEC82 /* BabyGiggles-Info.plist */ = {isa = PBXFileReference; lastKnownFileType = text.plist.xml; path = "BabyGiggles-Info.plist"; sourceTree = "<group>"; };
		5D9FFBFB13DDAC6F00AFEC82 /* en */ = {isa = PBXFileReference; lastKnownFileType = text.plist.strings; name = en; path = en.lproj/InfoPlist.strings; sourceTree = "<group>"; };
		5D9FFBFD13DDAC6F00AFEC82 /* BabyGiggles-Prefix.pch */ = {isa = PBXFileReference; lastKnownFileType = sourcecode.c.h; path = "BabyGiggles-Prefix.pch"; sourceTree = "<group>"; };
		5D9FFBFE13DDAC6F00AFEC82 /* main.m */ = {isa = PBXFileReference; lastKnownFileType = sourcecode.c.objc; path = main.m; sourceTree = "<group>"; };
		5D9FFC0013DDAC6F00AFEC82 /* BabyGigglesAppDelegate.h */ = {isa = PBXFileReference; lastKnownFileType = sourcecode.c.h; path = BabyGigglesAppDelegate.h; sourceTree = "<group>"; };
		5D9FFC0113DDAC6F00AFEC82 /* BabyGigglesAppDelegate.m */ = {isa = PBXFileReference; lastKnownFileType = sourcecode.c.objc; path = BabyGigglesAppDelegate.m; sourceTree = "<group>"; };
		5D9FFC0413DDAC6F00AFEC82 /* en */ = {isa = PBXFileReference; lastKnownFileType = file.xib; name = en; path = en.lproj/MainWindow.xib; sourceTree = "<group>"; };
		5D9FFC0B13DDAC6F00AFEC82 /* BabyGigglesTests.octest */ = {isa = PBXFileReference; explicitFileType = wrapper.cfbundle; includeInIndex = 0; path = BabyGigglesTests.octest; sourceTree = BUILT_PRODUCTS_DIR; };
		5D9FFC1313DDAC6F00AFEC82 /* BabyGigglesTests-Info.plist */ = {isa = PBXFileReference; lastKnownFileType = text.plist.xml; path = "BabyGigglesTests-Info.plist"; sourceTree = "<group>"; };
		5D9FFC1513DDAC6F00AFEC82 /* en */ = {isa = PBXFileReference; lastKnownFileType = text.plist.strings; name = en; path = en.lproj/InfoPlist.strings; sourceTree = "<group>"; };
		5D9FFC1713DDAC6F00AFEC82 /* BabyGigglesTests-Prefix.pch */ = {isa = PBXFileReference; lastKnownFileType = sourcecode.c.h; path = "BabyGigglesTests-Prefix.pch"; sourceTree = "<group>"; };
		5D9FFC1813DDAC6F00AFEC82 /* BabyGigglesTests.h */ = {isa = PBXFileReference; lastKnownFileType = sourcecode.c.h; path = BabyGigglesTests.h; sourceTree = "<group>"; };
		5D9FFC1A13DDAC7000AFEC82 /* BabyGigglesTests.m */ = {isa = PBXFileReference; lastKnownFileType = sourcecode.c.objc; path = BabyGigglesTests.m; sourceTree = "<group>"; };
		5D9FFC2413DDAE4A00AFEC82 /* MGOKenBurnsController.h */ = {isa = PBXFileReference; fileEncoding = 4; lastKnownFileType = sourcecode.c.h; path = MGOKenBurnsController.h; sourceTree = "<group>"; };
		5D9FFC2513DDAE4A00AFEC82 /* MGOKenBurnsController.m */ = {isa = PBXFileReference; fileEncoding = 4; lastKnownFileType = sourcecode.c.objc; path = MGOKenBurnsController.m; sourceTree = "<group>"; };
		5D9FFC2713DDB0B500AFEC82 /* BabyGiggles1.png */ = {isa = PBXFileReference; lastKnownFileType = image.png; path = BabyGiggles1.png; sourceTree = "<group>"; };
		5D9FFC2813DDB0B500AFEC82 /* BabyGiggles2.png */ = {isa = PBXFileReference; lastKnownFileType = image.png; path = BabyGiggles2.png; sourceTree = "<group>"; };
		5D9FFC2913DDB0B500AFEC82 /* BabyGiggles3.png */ = {isa = PBXFileReference; lastKnownFileType = image.png; path = BabyGiggles3.png; sourceTree = "<group>"; };
		5D9FFC2A13DDB0B500AFEC82 /* BabyGiggles4.png */ = {isa = PBXFileReference; lastKnownFileType = image.png; path = BabyGiggles4.png; sourceTree = "<group>"; };
		5D9FFC2B13DDB0B500AFEC82 /* BabyGiggles5.png */ = {isa = PBXFileReference; lastKnownFileType = image.png; path = BabyGiggles5.png; sourceTree = "<group>"; };
		5D9FFC2C13DDB0B500AFEC82 /* BabyGiggles6.png */ = {isa = PBXFileReference; lastKnownFileType = image.png; path = BabyGiggles6.png; sourceTree = "<group>"; };
		5D9FFC2D13DDB0B500AFEC82 /* BabyGiggles7.png */ = {isa = PBXFileReference; lastKnownFileType = image.png; path = BabyGiggles7.png; sourceTree = "<group>"; };
		5D9FFC2E13DDB0B500AFEC82 /* BabyGiggles8.png */ = {isa = PBXFileReference; lastKnownFileType = image.png; path = BabyGiggles8.png; sourceTree = "<group>"; };
		5D9FFC2F13DDB0B500AFEC82 /* BabyGiggles9.png */ = {isa = PBXFileReference; lastKnownFileType = image.png; path = BabyGiggles9.png; sourceTree = "<group>"; };
		5D9FFC3013DDB0B500AFEC82 /* BabyGiggles10.png */ = {isa = PBXFileReference; lastKnownFileType = image.png; path = BabyGiggles10.png; sourceTree = "<group>"; };
		5D9FFC3F13DDB51A00AFEC82 /* QuartzCore.framework */ = {isa = PBXFileReference; lastKnownFileType = wrapper.framework; name = QuartzCore.framework; path = System/Library/Frameworks/QuartzCore.framework; sourceTree = SDKROOT; };
/* End PBXFileReference section */

/* Begin PBXFrameworksBuildPhase section */
		5D9FFBEA13DDAC6F00AFEC82 /* Frameworks */ = {
			isa = PBXFrameworksBuildPhase;
			buildActionMask = 2147483647;
			files = (
				5D37BAFA1405C5DA002E9D0D /* AssetsLibrary.framework in Frameworks */,
				5D37BAC71400A0E1002E9D0D /* libsqlite3.dylib in Frameworks */,
				5D37BAC51400A0C5002E9D0D /* libz.dylib in Frameworks */,
				5D67D7F413E0DDE000F796A9 /* AudioToolbox.framework in Frameworks */,
				5D9FFC4013DDB51A00AFEC82 /* QuartzCore.framework in Frameworks */,
				5D9FFBF413DDAC6F00AFEC82 /* Foundation.framework in Frameworks */,
				5D9FFBF213DDAC6F00AFEC82 /* UIKit.framework in Frameworks */,
				5D9FFBF613DDAC6F00AFEC82 /* CoreGraphics.framework in Frameworks */,
			);
			runOnlyForDeploymentPostprocessing = 0;
		};
		5D9FFC0713DDAC6F00AFEC82 /* Frameworks */ = {
			isa = PBXFrameworksBuildPhase;
			buildActionMask = 2147483647;
			files = (
				5D9FFC0C13DDAC6F00AFEC82 /* UIKit.framework in Frameworks */,
				5D9FFC0D13DDAC6F00AFEC82 /* Foundation.framework in Frameworks */,
				5D9FFC0E13DDAC6F00AFEC82 /* CoreGraphics.framework in Frameworks */,
			);
			runOnlyForDeploymentPostprocessing = 0;
		};
/* End PBXFrameworksBuildPhase section */

/* Begin PBXGroup section */
		5D37BAB614009AE7002E9D0D /* Localytics */ = {
			isa = PBXGroup;
			children = (
				5D37BAB914009B10002E9D0D /* LocalyticsDatabase.h */,
				5D37BABA14009B10002E9D0D /* LocalyticsDatabase.m */,
				5D37BABB14009B10002E9D0D /* LocalyticsSession.h */,
				5D37BABC14009B10002E9D0D /* LocalyticsSession.m */,
				5D37BABD14009B10002E9D0D /* UploaderThread.h */,
				5D37BABE14009B10002E9D0D /* UploaderThread.m */,
				5D37BABF14009B10002E9D0D /* WebserviceConstants.h */,
			);
			name = Localytics;
			sourceTree = "<group>";
		};
		5D37BAF81401E24E002E9D0D /* ELC Image Picker */ = {
			isa = PBXGroup;
			children = (
				5D37BADD1401E244002E9D0D /* ELCAlbumPickerController.h */,
				5D37BADE1401E244002E9D0D /* ELCAlbumPickerController.m */,
				5D37BADF1401E244002E9D0D /* ELCAlbumPickerController.xib */,
				5D37BAE01401E244002E9D0D /* ELCAsset.h */,
				5D37BAE11401E244002E9D0D /* ELCAsset.m */,
				5D37BAE21401E244002E9D0D /* ELCAssetCell.h */,
				5D37BAE31401E244002E9D0D /* ELCAssetCell.m */,
				5D37BAE41401E244002E9D0D /* ELCAssetPicker.xib */,
				5D37BAE51401E244002E9D0D /* ELCAssetTablePicker.h */,
				5D37BAE61401E244002E9D0D /* ELCAssetTablePicker.m */,
				5D37BAE71401E244002E9D0D /* ELCAssetTablePicker.xib */,
				5D37BAE81401E244002E9D0D /* ELCImagePickerController.h */,
				5D37BAE91401E244002E9D0D /* ELCImagePickerController.m */,
				5D37BAEA1401E244002E9D0D /* ELCImagePickerController.xib */,
				5D37BAEB1401E244002E9D0D /* Overlay.png */,
				5D37BAEC1401E244002E9D0D /* Overlay@2x.png */,
			);
			name = "ELC Image Picker";
			sourceTree = "<group>";
		};
		5D67D7EF13E0D85700F796A9 /* AudioResources */ = {
			isa = PBXGroup;
			children = (
				5D67D80213E2349500F796A9 /* BabyGiggles1.aif */,
				5D67D80313E2349500F796A9 /* BabyGiggles2.aif */,
				5D67D7FA13E2326000F796A9 /* BabyGiggles3.aif */,
				5D67D7FB13E2326000F796A9 /* BabyGiggles4.aif */,
				5D67D7FC13E2326000F796A9 /* BabyGiggles5.aif */,
				5D67D7FD13E2326000F796A9 /* BabyGiggles6.aif */,
			);
			name = AudioResources;
			sourceTree = "<group>";
		};
		5D9FFBE213DDAC6F00AFEC82 = {
			isa = PBXGroup;
			children = (
				5D37BAF91405C5DA002E9D0D /* AssetsLibrary.framework */,
				5D37BAF81401E24E002E9D0D /* ELC Image Picker */,
				5D37BAB614009AE7002E9D0D /* Localytics */,
				5D67D7EF13E0D85700F796A9 /* AudioResources */,
				5D9FFC3B13DDB0C900AFEC82 /* ImageResources */,
				5D9FFBF713DDAC6F00AFEC82 /* BabyGiggles */,
				5D9FFC1113DDAC6F00AFEC82 /* BabyGigglesTests */,
				5D9FFBF013DDAC6F00AFEC82 /* Frameworks */,
				5D9FFBEE13DDAC6F00AFEC82 /* Products */,
			);
			sourceTree = "<group>";
		};
		5D9FFBEE13DDAC6F00AFEC82 /* Products */ = {
			isa = PBXGroup;
			children = (
				5D9FFBED13DDAC6F00AFEC82 /* My Baby Giggles.app */,
				5D9FFC0B13DDAC6F00AFEC82 /* BabyGigglesTests.octest */,
			);
			name = Products;
			sourceTree = "<group>";
		};
		5D9FFBF013DDAC6F00AFEC82 /* Frameworks */ = {
			isa = PBXGroup;
			children = (
				5D37BAC61400A0E1002E9D0D /* libsqlite3.dylib */,
				5D37BAC41400A0C5002E9D0D /* libz.dylib */,
				5D67D7F313E0DDE000F796A9 /* AudioToolbox.framework */,
				5D9FFC3F13DDB51A00AFEC82 /* QuartzCore.framework */,
				5D9FFBF113DDAC6F00AFEC82 /* UIKit.framework */,
				5D9FFBF313DDAC6F00AFEC82 /* Foundation.framework */,
				5D9FFBF513DDAC6F00AFEC82 /* CoreGraphics.framework */,
			);
			name = Frameworks;
			sourceTree = "<group>";
		};
		5D9FFBF713DDAC6F00AFEC82 /* BabyGiggles */ = {
			isa = PBXGroup;
			children = (
				5D9FFC0013DDAC6F00AFEC82 /* BabyGigglesAppDelegate.h */,
				5D9FFC0113DDAC6F00AFEC82 /* BabyGigglesAppDelegate.m */,
				5D9FFC0313DDAC6F00AFEC82 /* MainWindow.xib */,
				5D9FFBF813DDAC6F00AFEC82 /* Supporting Files */,
				5D9FFC2413DDAE4A00AFEC82 /* MGOKenBurnsController.h */,
				5D9FFC2513DDAE4A00AFEC82 /* MGOKenBurnsController.m */,
				5D67D7F713E1DDED00F796A9 /* GiggleAudioController.h */,
				5D67D7F813E1DDED00F796A9 /* GiggleAudioController.m */,
				5D67D82213E4D87400F796A9 /* BabyGigglesMainController.h */,
				5D67D82313E4D87400F796A9 /* BabyGigglesMainController.m */,
				5D67D82413E4D87400F796A9 /* BabyGigglesMainController.xib */,
				5D7972A5145A28190059C957 /* ThirdPartyKeys.h */,
				5D37BAFB1405D698002E9D0D /* MGOSimpleRoundedButton.h */,
				5D37BAFC1405D698002E9D0D /* MGOSimpleRoundedButton.m */,
			);
			path = BabyGiggles;
			sourceTree = "<group>";
		};
		5D9FFBF813DDAC6F00AFEC82 /* Supporting Files */ = {
			isa = PBXGroup;
			children = (
				5D9FFBF913DDAC6F00AFEC82 /* BabyGiggles-Info.plist */,
				5D9FFBFA13DDAC6F00AFEC82 /* InfoPlist.strings */,
				5D9FFBFD13DDAC6F00AFEC82 /* BabyGiggles-Prefix.pch */,
				5D9FFBFE13DDAC6F00AFEC82 /* main.m */,
			);
			name = "Supporting Files";
			sourceTree = "<group>";
		};
		5D9FFC1113DDAC6F00AFEC82 /* BabyGigglesTests */ = {
			isa = PBXGroup;
			children = (
				5D9FFC1813DDAC6F00AFEC82 /* BabyGigglesTests.h */,
				5D9FFC1A13DDAC7000AFEC82 /* BabyGigglesTests.m */,
				5D9FFC1213DDAC6F00AFEC82 /* Supporting Files */,
			);
			path = BabyGigglesTests;
			sourceTree = "<group>";
		};
		5D9FFC1213DDAC6F00AFEC82 /* Supporting Files */ = {
			isa = PBXGroup;
			children = (
				5D9FFC1313DDAC6F00AFEC82 /* BabyGigglesTests-Info.plist */,
				5D9FFC1413DDAC6F00AFEC82 /* InfoPlist.strings */,
				5D9FFC1713DDAC6F00AFEC82 /* BabyGigglesTests-Prefix.pch */,
			);
			name = "Supporting Files";
			sourceTree = "<group>";
		};
		5D9FFC3B13DDB0C900AFEC82 /* ImageResources */ = {
			isa = PBXGroup;
			children = (
				5D67D82013E42DF400F796A9 /* Default@2x.png */,
				5D67D81E13E42DED00F796A9 /* Default.png */,
				5D67D81C13E41ECB00F796A9 /* BabyGigglesIcon114x114.png */,
				5D67D81A13E3103600F796A9 /* BabyGigglesIcon57x57.png */,
				5D9FFC2713DDB0B500AFEC82 /* BabyGiggles1.png */,
				5D9FFC2813DDB0B500AFEC82 /* BabyGiggles2.png */,
				5D9FFC2913DDB0B500AFEC82 /* BabyGiggles3.png */,
				5D9FFC2A13DDB0B500AFEC82 /* BabyGiggles4.png */,
				5D9FFC2B13DDB0B500AFEC82 /* BabyGiggles5.png */,
				5D9FFC2C13DDB0B500AFEC82 /* BabyGiggles6.png */,
				5D9FFC2D13DDB0B500AFEC82 /* BabyGiggles7.png */,
				5D9FFC2E13DDB0B500AFEC82 /* BabyGiggles8.png */,
				5D9FFC2F13DDB0B500AFEC82 /* BabyGiggles9.png */,
				5D9FFC3013DDB0B500AFEC82 /* BabyGiggles10.png */,
			);
			name = ImageResources;
			sourceTree = "<group>";
		};
/* End PBXGroup section */

/* Begin PBXNativeTarget section */
		5D9FFBEC13DDAC6F00AFEC82 /* BabyGiggles */ = {
			isa = PBXNativeTarget;
			buildConfigurationList = 5D9FFC1E13DDAC7000AFEC82 /* Build configuration list for PBXNativeTarget "BabyGiggles" */;
			buildPhases = (
				5D9FFBE913DDAC6F00AFEC82 /* Sources */,
				5D9FFBEA13DDAC6F00AFEC82 /* Frameworks */,
				5D9FFBEB13DDAC6F00AFEC82 /* Resources */,
			);
			buildRules = (
			);
			dependencies = (
			);
			name = BabyGiggles;
			productName = BabyGiggles;
			productReference = 5D9FFBED13DDAC6F00AFEC82 /* My Baby Giggles.app */;
			productType = "com.apple.product-type.application";
		};
		5D9FFC0A13DDAC6F00AFEC82 /* BabyGigglesTests */ = {
			isa = PBXNativeTarget;
			buildConfigurationList = 5D9FFC2113DDAC7000AFEC82 /* Build configuration list for PBXNativeTarget "BabyGigglesTests" */;
			buildPhases = (
				5D9FFC0613DDAC6F00AFEC82 /* Sources */,
				5D9FFC0713DDAC6F00AFEC82 /* Frameworks */,
				5D9FFC0813DDAC6F00AFEC82 /* Resources */,
				5D9FFC0913DDAC6F00AFEC82 /* ShellScript */,
			);
			buildRules = (
			);
			dependencies = (
				5D9FFC1013DDAC6F00AFEC82 /* PBXTargetDependency */,
			);
			name = BabyGigglesTests;
			productName = BabyGigglesTests;
			productReference = 5D9FFC0B13DDAC6F00AFEC82 /* BabyGigglesTests.octest */;
			productType = "com.apple.product-type.bundle";
		};
/* End PBXNativeTarget section */

/* Begin PBXProject section */
		5D9FFBE413DDAC6F00AFEC82 /* Project object */ = {
			isa = PBXProject;
			buildConfigurationList = 5D9FFBE713DDAC6F00AFEC82 /* Build configuration list for PBXProject "BabyGiggles" */;
			compatibilityVersion = "Xcode 3.2";
			developmentRegion = English;
			hasScannedForEncodings = 0;
			knownRegions = (
				en,
			);
			mainGroup = 5D9FFBE213DDAC6F00AFEC82;
			productRefGroup = 5D9FFBEE13DDAC6F00AFEC82 /* Products */;
			projectDirPath = "";
			projectRoot = "";
			targets = (
				5D9FFBEC13DDAC6F00AFEC82 /* BabyGiggles */,
				5D9FFC0A13DDAC6F00AFEC82 /* BabyGigglesTests */,
			);
		};
/* End PBXProject section */

/* Begin PBXResourcesBuildPhase section */
		5D9FFBEB13DDAC6F00AFEC82 /* Resources */ = {
			isa = PBXResourcesBuildPhase;
			buildActionMask = 2147483647;
			files = (
				5D9FFBFC13DDAC6F00AFEC82 /* InfoPlist.strings in Resources */,
				5D9FFC0513DDAC6F00AFEC82 /* MainWindow.xib in Resources */,
				5D9FFC3113DDB0B500AFEC82 /* BabyGiggles1.png in Resources */,
				5D9FFC3213DDB0B500AFEC82 /* BabyGiggles2.png in Resources */,
				5D9FFC3313DDB0B500AFEC82 /* BabyGiggles3.png in Resources */,
				5D9FFC3413DDB0B500AFEC82 /* BabyGiggles4.png in Resources */,
				5D9FFC3513DDB0B500AFEC82 /* BabyGiggles5.png in Resources */,
				5D9FFC3613DDB0B500AFEC82 /* BabyGiggles6.png in Resources */,
				5D9FFC3713DDB0B500AFEC82 /* BabyGiggles7.png in Resources */,
				5D9FFC3813DDB0B500AFEC82 /* BabyGiggles8.png in Resources */,
				5D9FFC3913DDB0B500AFEC82 /* BabyGiggles9.png in Resources */,
				5D9FFC3A13DDB0B500AFEC82 /* BabyGiggles10.png in Resources */,
				5D67D7FE13E2326000F796A9 /* BabyGiggles3.aif in Resources */,
				5D67D7FF13E2326000F796A9 /* BabyGiggles4.aif in Resources */,
				5D67D80013E2326000F796A9 /* BabyGiggles5.aif in Resources */,
				5D67D80113E2326000F796A9 /* BabyGiggles6.aif in Resources */,
				5D67D80413E2349500F796A9 /* BabyGiggles1.aif in Resources */,
				5D67D80513E2349500F796A9 /* BabyGiggles2.aif in Resources */,
				5D67D81B13E3103600F796A9 /* BabyGigglesIcon57x57.png in Resources */,
				5D67D81D13E41ECB00F796A9 /* BabyGigglesIcon114x114.png in Resources */,
				5D67D81F13E42DED00F796A9 /* Default.png in Resources */,
				5D67D82113E42DF400F796A9 /* Default@2x.png in Resources */,
				5D67D82613E4D87400F796A9 /* BabyGigglesMainController.xib in Resources */,
				5D37BAEE1401E245002E9D0D /* ELCAlbumPickerController.xib in Resources */,
				5D37BAF11401E245002E9D0D /* ELCAssetPicker.xib in Resources */,
				5D37BAF31401E245002E9D0D /* ELCAssetTablePicker.xib in Resources */,
				5D37BAF51401E245002E9D0D /* ELCImagePickerController.xib in Resources */,
				5D37BAF61401E245002E9D0D /* Overlay.png in Resources */,
				5D37BAF71401E245002E9D0D /* Overlay@2x.png in Resources */,
			);
			runOnlyForDeploymentPostprocessing = 0;
		};
		5D9FFC0813DDAC6F00AFEC82 /* Resources */ = {
			isa = PBXResourcesBuildPhase;
			buildActionMask = 2147483647;
			files = (
				5D9FFC1613DDAC6F00AFEC82 /* InfoPlist.strings in Resources */,
				5D9FFC1913DDAC6F00AFEC82 /* BabyGigglesTests.h in Resources */,
			);
			runOnlyForDeploymentPostprocessing = 0;
		};
/* End PBXResourcesBuildPhase section */

/* Begin PBXShellScriptBuildPhase section */
		5D9FFC0913DDAC6F00AFEC82 /* ShellScript */ = {
			isa = PBXShellScriptBuildPhase;
			buildActionMask = 2147483647;
			files = (
			);
			inputPaths = (
			);
			outputPaths = (
			);
			runOnlyForDeploymentPostprocessing = 0;
			shellPath = /bin/sh;
			shellScript = "# Run the unit tests in this test bundle.\n\"${SYSTEM_DEVELOPER_DIR}/Tools/RunUnitTests\"\n";
		};
/* End PBXShellScriptBuildPhase section */

/* Begin PBXSourcesBuildPhase section */
		5D9FFBE913DDAC6F00AFEC82 /* Sources */ = {
			isa = PBXSourcesBuildPhase;
			buildActionMask = 2147483647;
			files = (
				5D9FFBFF13DDAC6F00AFEC82 /* main.m in Sources */,
				5D9FFC0213DDAC6F00AFEC82 /* BabyGigglesAppDelegate.m in Sources */,
				5D9FFC2613DDAE4A00AFEC82 /* MGOKenBurnsController.m in Sources */,
				5D67D7F913E1DDED00F796A9 /* GiggleAudioController.m in Sources */,
				5D67D82513E4D87400F796A9 /* BabyGigglesMainController.m in Sources */,
				5D37BAC014009B10002E9D0D /* LocalyticsDatabase.m in Sources */,
				5D37BAC114009B10002E9D0D /* LocalyticsSession.m in Sources */,
				5D37BAC214009B10002E9D0D /* UploaderThread.m in Sources */,
				5D37BAED1401E244002E9D0D /* ELCAlbumPickerController.m in Sources */,
				5D37BAEF1401E245002E9D0D /* ELCAsset.m in Sources */,
				5D37BAF01401E245002E9D0D /* ELCAssetCell.m in Sources */,
				5D37BAF21401E245002E9D0D /* ELCAssetTablePicker.m in Sources */,
				5D37BAF41401E245002E9D0D /* ELCImagePickerController.m in Sources */,
				5D37BAFD1405D698002E9D0D /* MGOSimpleRoundedButton.m in Sources */,
			);
			runOnlyForDeploymentPostprocessing = 0;
		};
		5D9FFC0613DDAC6F00AFEC82 /* Sources */ = {
			isa = PBXSourcesBuildPhase;
			buildActionMask = 2147483647;
			files = (
				5D9FFC1B13DDAC7000AFEC82 /* BabyGigglesTests.m in Sources */,
			);
			runOnlyForDeploymentPostprocessing = 0;
		};
/* End PBXSourcesBuildPhase section */

/* Begin PBXTargetDependency section */
		5D9FFC1013DDAC6F00AFEC82 /* PBXTargetDependency */ = {
			isa = PBXTargetDependency;
			target = 5D9FFBEC13DDAC6F00AFEC82 /* BabyGiggles */;
			targetProxy = 5D9FFC0F13DDAC6F00AFEC82 /* PBXContainerItemProxy */;
		};
/* End PBXTargetDependency section */

/* Begin PBXVariantGroup section */
		5D9FFBFA13DDAC6F00AFEC82 /* InfoPlist.strings */ = {
			isa = PBXVariantGroup;
			children = (
				5D9FFBFB13DDAC6F00AFEC82 /* en */,
			);
			name = InfoPlist.strings;
			sourceTree = "<group>";
		};
		5D9FFC0313DDAC6F00AFEC82 /* MainWindow.xib */ = {
			isa = PBXVariantGroup;
			children = (
				5D9FFC0413DDAC6F00AFEC82 /* en */,
			);
			name = MainWindow.xib;
			sourceTree = "<group>";
		};
		5D9FFC1413DDAC6F00AFEC82 /* InfoPlist.strings */ = {
			isa = PBXVariantGroup;
			children = (
				5D9FFC1513DDAC6F00AFEC82 /* en */,
			);
			name = InfoPlist.strings;
			sourceTree = "<group>";
		};
/* End PBXVariantGroup section */

/* Begin XCBuildConfiguration section */
		5D67D82A13EEA97D00F796A9 /* Distribution */ = {
			isa = XCBuildConfiguration;
			buildSettings = {
				ARCHS = "$(ARCHS_STANDARD_32_BIT)";
				"CODE_SIGN_IDENTITY[sdk=iphoneos*]" = "iPhone Developer";
				GCC_C_LANGUAGE_STANDARD = gnu99;
				GCC_VERSION = com.apple.compilers.llvmgcc42;
				GCC_WARN_ABOUT_RETURN_TYPE = YES;
				GCC_WARN_UNUSED_VARIABLE = YES;
				IPHONEOS_DEPLOYMENT_TARGET = 4.3;
				OTHER_CFLAGS = "-DNS_BLOCK_ASSERTIONS=1";
				SDKROOT = iphoneos;
			};
			name = Distribution;
		};
		5D67D82B13EEA97D00F796A9 /* Distribution */ = {
			isa = XCBuildConfiguration;
			buildSettings = {
				ALWAYS_SEARCH_USER_PATHS = NO;
				"CODE_SIGN_IDENTITY[sdk=iphoneos*]" = "iPhone Distribution: Michael Oliver";
				COPY_PHASE_STRIP = YES;
				GCC_PRECOMPILE_PREFIX_HEADER = YES;
				GCC_PREFIX_HEADER = "BabyGiggles/BabyGiggles-Prefix.pch";
				INFOPLIST_FILE = "BabyGiggles/BabyGiggles-Info.plist";
				IPHONEOS_DEPLOYMENT_TARGET = 4.0;
				PRODUCT_NAME = "My Baby Giggles";
				"PROVISIONING_PROFILE[sdk=iphoneos*]" = "797DB1E9-52C3-4281-8E8E-5B02309E29A2";
				VALIDATE_PRODUCT = YES;
				WRAPPER_EXTENSION = app;
			};
			name = Distribution;
		};
		5D67D82C13EEA97D00F796A9 /* Distribution */ = {
			isa = XCBuildConfiguration;
			buildSettings = {
				ALWAYS_SEARCH_USER_PATHS = NO;
				BUNDLE_LOADER = "$(BUILT_PRODUCTS_DIR)/BabyGiggles.app/BabyGiggles";
				FRAMEWORK_SEARCH_PATHS = (
					"$(SDKROOT)/Developer/Library/Frameworks",
					"$(DEVELOPER_LIBRARY_DIR)/Frameworks",
				);
				GCC_PRECOMPILE_PREFIX_HEADER = YES;
				GCC_PREFIX_HEADER = "BabyGigglesTests/BabyGigglesTests-Prefix.pch";
				INFOPLIST_FILE = "BabyGigglesTests/BabyGigglesTests-Info.plist";
				OTHER_LDFLAGS = (
					"-framework",
					SenTestingKit,
				);
				PRODUCT_NAME = "$(TARGET_NAME)";
				TEST_HOST = "$(BUNDLE_LOADER)";
				WRAPPER_EXTENSION = octest;
			};
			name = Distribution;
		};
		5D9FFC1C13DDAC7000AFEC82 /* Debug */ = {
			isa = XCBuildConfiguration;
			buildSettings = {
				ARCHS = "$(ARCHS_STANDARD_32_BIT)";
				"CODE_SIGN_IDENTITY[sdk=iphoneos*]" = "iPhone Developer";
				GCC_C_LANGUAGE_STANDARD = gnu99;
				GCC_OPTIMIZATION_LEVEL = 0;
				GCC_PREPROCESSOR_DEFINITIONS = DEBUG;
				GCC_SYMBOLS_PRIVATE_EXTERN = NO;
				GCC_VERSION = com.apple.compilers.llvmgcc42;
				GCC_WARN_ABOUT_RETURN_TYPE = YES;
				GCC_WARN_UNUSED_VARIABLE = YES;
				IPHONEOS_DEPLOYMENT_TARGET = 4.3;
				SDKROOT = iphoneos;
			};
			name = Debug;
		};
		5D9FFC1D13DDAC7000AFEC82 /* Release */ = {
			isa = XCBuildConfiguration;
			buildSettings = {
				ARCHS = "$(ARCHS_STANDARD_32_BIT)";
				"CODE_SIGN_IDENTITY[sdk=iphoneos*]" = "iPhone Developer";
				GCC_C_LANGUAGE_STANDARD = gnu99;
				GCC_VERSION = com.apple.compilers.llvmgcc42;
				GCC_WARN_ABOUT_RETURN_TYPE = YES;
				GCC_WARN_UNUSED_VARIABLE = YES;
				IPHONEOS_DEPLOYMENT_TARGET = 4.3;
				OTHER_CFLAGS = "-DNS_BLOCK_ASSERTIONS=1";
				SDKROOT = iphoneos;
			};
			name = Release;
		};
		5D9FFC1F13DDAC7000AFEC82 /* Debug */ = {
			isa = XCBuildConfiguration;
			buildSettings = {
				ALWAYS_SEARCH_USER_PATHS = NO;
				COPY_PHASE_STRIP = NO;
				GCC_DYNAMIC_NO_PIC = NO;
				GCC_PRECOMPILE_PREFIX_HEADER = YES;
				GCC_PREFIX_HEADER = "BabyGiggles/BabyGiggles-Prefix.pch";
				INFOPLIST_FILE = "BabyGiggles/BabyGiggles-Info.plist";
				IPHONEOS_DEPLOYMENT_TARGET = 4.0;
				PRODUCT_NAME = "My Baby Giggles";
				WRAPPER_EXTENSION = app;
			};
			name = Debug;
		};
		5D9FFC2013DDAC7000AFEC82 /* Release */ = {
			isa = XCBuildConfiguration;
			buildSettings = {
				ALWAYS_SEARCH_USER_PATHS = NO;
				COPY_PHASE_STRIP = YES;
				GCC_PRECOMPILE_PREFIX_HEADER = YES;
				GCC_PREFIX_HEADER = "BabyGiggles/BabyGiggles-Prefix.pch";
				INFOPLIST_FILE = "BabyGiggles/BabyGiggles-Info.plist";
				IPHONEOS_DEPLOYMENT_TARGET = 4.0;
				PRODUCT_NAME = "My Baby Giggles";
				VALIDATE_PRODUCT = YES;
				WRAPPER_EXTENSION = app;
			};
			name = Release;
		};
		5D9FFC2213DDAC7000AFEC82 /* Debug */ = {
			isa = XCBuildConfiguration;
			buildSettings = {
				ALWAYS_SEARCH_USER_PATHS = NO;
				BUNDLE_LOADER = "$(BUILT_PRODUCTS_DIR)/BabyGiggles.app/BabyGiggles";
				FRAMEWORK_SEARCH_PATHS = (
					"$(SDKROOT)/Developer/Library/Frameworks",
					"$(DEVELOPER_LIBRARY_DIR)/Frameworks",
				);
				GCC_PRECOMPILE_PREFIX_HEADER = YES;
				GCC_PREFIX_HEADER = "BabyGigglesTests/BabyGigglesTests-Prefix.pch";
				INFOPLIST_FILE = "BabyGigglesTests/BabyGigglesTests-Info.plist";
				OTHER_LDFLAGS = (
					"-framework",
					SenTestingKit,
				);
				PRODUCT_NAME = "$(TARGET_NAME)";
				TEST_HOST = "$(BUNDLE_LOADER)";
				WRAPPER_EXTENSION = octest;
			};
			name = Debug;
		};
		5D9FFC2313DDAC7000AFEC82 /* Release */ = {
			isa = XCBuildConfiguration;
			buildSettings = {
				ALWAYS_SEARCH_USER_PATHS = NO;
				BUNDLE_LOADER = "$(BUILT_PRODUCTS_DIR)/BabyGiggles.app/BabyGiggles";
				FRAMEWORK_SEARCH_PATHS = (
					"$(SDKROOT)/Developer/Library/Frameworks",
					"$(DEVELOPER_LIBRARY_DIR)/Frameworks",
				);
				GCC_PRECOMPILE_PREFIX_HEADER = YES;
				GCC_PREFIX_HEADER = "BabyGigglesTests/BabyGigglesTests-Prefix.pch";
				INFOPLIST_FILE = "BabyGigglesTests/BabyGigglesTests-Info.plist";
				OTHER_LDFLAGS = (
					"-framework",
					SenTestingKit,
				);
				PRODUCT_NAME = "$(TARGET_NAME)";
				TEST_HOST = "$(BUNDLE_LOADER)";
				WRAPPER_EXTENSION = octest;
			};
			name = Release;
		};
/* End XCBuildConfiguration section */

/* Begin XCConfigurationList section */
		5D9FFBE713DDAC6F00AFEC82 /* Build configuration list for PBXProject "BabyGiggles" */ = {
			isa = XCConfigurationList;
			buildConfigurations = (
				5D9FFC1C13DDAC7000AFEC82 /* Debug */,
				5D9FFC1D13DDAC7000AFEC82 /* Release */,
				5D67D82A13EEA97D00F796A9 /* Distribution */,
			);
			defaultConfigurationIsVisible = 0;
			defaultConfigurationName = Distribution;
		};
		5D9FFC1E13DDAC7000AFEC82 /* Build configuration list for PBXNativeTarget "BabyGiggles" */ = {
			isa = XCConfigurationList;
			buildConfigurations = (
				5D9FFC1F13DDAC7000AFEC82 /* Debug */,
				5D9FFC2013DDAC7000AFEC82 /* Release */,
				5D67D82B13EEA97D00F796A9 /* Distribution */,
			);
			defaultConfigurationIsVisible = 0;
			defaultConfigurationName = Distribution;
		};
		5D9FFC2113DDAC7000AFEC82 /* Build configuration list for PBXNativeTarget "BabyGigglesTests" */ = {
			isa = XCConfigurationList;
			buildConfigurations = (
				5D9FFC2213DDAC7000AFEC82 /* Debug */,
				5D9FFC2313DDAC7000AFEC82 /* Release */,
				5D67D82C13EEA97D00F796A9 /* Distribution */,
			);
			defaultConfigurationIsVisible = 0;
			defaultConfigurationName = Distribution;
		};
/* End XCConfigurationList section */
	};
	rootObject = 5D9FFBE413DDAC6F00AFEC82 /* Project object */;
}
